// !$*UTF8*$!
{
	archiveVersion = 1;
	classes = {
	};
	objectVersion = 50;
	objects = {

/* Begin PBXBuildFile section */
		6F61991E262D873500F86349 /* AppDelegate.swift in Sources */ = {isa = PBXBuildFile; fileRef = 6F61991D262D873500F86349 /* AppDelegate.swift */; };
		6F619920262D873500F86349 /* SceneDelegate.swift in Sources */ = {isa = PBXBuildFile; fileRef = 6F61991F262D873500F86349 /* SceneDelegate.swift */; };
		6F619922262D873500F86349 /* ViewController.swift in Sources */ = {isa = PBXBuildFile; fileRef = 6F619921262D873500F86349 /* ViewController.swift */; };
		6F619925262D873500F86349 /* Main.storyboard in Resources */ = {isa = PBXBuildFile; fileRef = 6F619923262D873500F86349 /* Main.storyboard */; };
		6F619927262D873D00F86349 /* Assets.xcassets in Resources */ = {isa = PBXBuildFile; fileRef = 6F619926262D873D00F86349 /* Assets.xcassets */; };
		6F61992A262D873D00F86349 /* LaunchScreen.storyboard in Resources */ = {isa = PBXBuildFile; fileRef = 6F619928262D873D00F86349 /* LaunchScreen.storyboard */; };
		6F619935262D873D00F86349 /* TestHomework11Tests.swift in Sources */ = {isa = PBXBuildFile; fileRef = 6F619934262D873D00F86349 /* TestHomework11Tests.swift */; };
		6F619940262D873D00F86349 /* TestHomework11UITests.swift in Sources */ = {isa = PBXBuildFile; fileRef = 6F61993F262D873D00F86349 /* TestHomework11UITests.swift */; };
		6F619951262DA4F200F86349 /* Validator.swift in Sources */ = {isa = PBXBuildFile; fileRef = 6F619950262DA4F200F86349 /* Validator.swift */; };
		6F619952262DA4F200F86349 /* Validator.swift in Sources */ = {isa = PBXBuildFile; fileRef = 6F619950262DA4F200F86349 /* Validator.swift */; };
/* End PBXBuildFile section */

/* Begin PBXContainerItemProxy section */
		6F619931262D873D00F86349 /* PBXContainerItemProxy */ = {
			isa = PBXContainerItemProxy;
			containerPortal = 6F619912262D873400F86349 /* Project object */;
			proxyType = 1;
			remoteGlobalIDString = 6F619919262D873500F86349;
			remoteInfo = TestHomework11;
		};
		6F61993C262D873D00F86349 /* PBXContainerItemProxy */ = {
			isa = PBXContainerItemProxy;
			containerPortal = 6F619912262D873400F86349 /* Project object */;
			proxyType = 1;
			remoteGlobalIDString = 6F619919262D873500F86349;
			remoteInfo = TestHomework11;
		};
/* End PBXContainerItemProxy section */

/* Begin PBXFileReference section */
		6F61991A262D873500F86349 /* TestHomework11.app */ = {isa = PBXFileReference; explicitFileType = wrapper.application; includeInIndex = 0; path = TestHomework11.app; sourceTree = BUILT_PRODUCTS_DIR; };
		6F61991D262D873500F86349 /* AppDelegate.swift */ = {isa = PBXFileReference; lastKnownFileType = sourcecode.swift; path = AppDelegate.swift; sourceTree = "<group>"; };
		6F61991F262D873500F86349 /* SceneDelegate.swift */ = {isa = PBXFileReference; lastKnownFileType = sourcecode.swift; path = SceneDelegate.swift; sourceTree = "<group>"; };
		6F619921262D873500F86349 /* ViewController.swift */ = {isa = PBXFileReference; lastKnownFileType = sourcecode.swift; path = ViewController.swift; sourceTree = "<group>"; };
		6F619924262D873500F86349 /* Base */ = {isa = PBXFileReference; lastKnownFileType = file.storyboard; name = Base; path = Base.lproj/Main.storyboard; sourceTree = "<group>"; };
		6F619926262D873D00F86349 /* Assets.xcassets */ = {isa = PBXFileReference; lastKnownFileType = folder.assetcatalog; path = Assets.xcassets; sourceTree = "<group>"; };
		6F619929262D873D00F86349 /* Base */ = {isa = PBXFileReference; lastKnownFileType = file.storyboard; name = Base; path = Base.lproj/LaunchScreen.storyboard; sourceTree = "<group>"; };
		6F61992B262D873D00F86349 /* Info.plist */ = {isa = PBXFileReference; lastKnownFileType = text.plist.xml; path = Info.plist; sourceTree = "<group>"; };
		6F619930262D873D00F86349 /* TestHomework11Tests.xctest */ = {isa = PBXFileReference; explicitFileType = wrapper.cfbundle; includeInIndex = 0; path = TestHomework11Tests.xctest; sourceTree = BUILT_PRODUCTS_DIR; };
		6F619934262D873D00F86349 /* TestHomework11Tests.swift */ = {isa = PBXFileReference; lastKnownFileType = sourcecode.swift; path = TestHomework11Tests.swift; sourceTree = "<group>"; };
		6F619936262D873D00F86349 /* Info.plist */ = {isa = PBXFileReference; lastKnownFileType = text.plist.xml; path = Info.plist; sourceTree = "<group>"; };
		6F61993B262D873D00F86349 /* TestHomework11UITests.xctest */ = {isa = PBXFileReference; explicitFileType = wrapper.cfbundle; includeInIndex = 0; path = TestHomework11UITests.xctest; sourceTree = BUILT_PRODUCTS_DIR; };
		6F61993F262D873D00F86349 /* TestHomework11UITests.swift */ = {isa = PBXFileReference; lastKnownFileType = sourcecode.swift; path = TestHomework11UITests.swift; sourceTree = "<group>"; };
		6F619941262D873D00F86349 /* Info.plist */ = {isa = PBXFileReference; lastKnownFileType = text.plist.xml; path = Info.plist; sourceTree = "<group>"; };
		6F619950262DA4F200F86349 /* Validator.swift */ = {isa = PBXFileReference; lastKnownFileType = sourcecode.swift; path = Validator.swift; sourceTree = "<group>"; };
/* End PBXFileReference section */

/* Begin PBXFrameworksBuildPhase section */
		6F619917262D873500F86349 /* Frameworks */ = {
			isa = PBXFrameworksBuildPhase;
			buildActionMask = 2147483647;
			files = (
			);
			runOnlyForDeploymentPostprocessing = 0;
		};
		6F61992D262D873D00F86349 /* Frameworks */ = {
			isa = PBXFrameworksBuildPhase;
			buildActionMask = 2147483647;
			files = (
			);
			runOnlyForDeploymentPostprocessing = 0;
		};
		6F619938262D873D00F86349 /* Frameworks */ = {
			isa = PBXFrameworksBuildPhase;
			buildActionMask = 2147483647;
			files = (
			);
			runOnlyForDeploymentPostprocessing = 0;
		};
/* End PBXFrameworksBuildPhase section */

/* Begin PBXGroup section */
		6F619911262D873400F86349 = {
			isa = PBXGroup;
			children = (
				6F61991C262D873500F86349 /* TestHomework11 */,
				6F619933262D873D00F86349 /* TestHomework11Tests */,
				6F61993E262D873D00F86349 /* TestHomework11UITests */,
				6F61991B262D873500F86349 /* Products */,
			);
			sourceTree = "<group>";
		};
		6F61991B262D873500F86349 /* Products */ = {
			isa = PBXGroup;
			children = (
				6F61991A262D873500F86349 /* TestHomework11.app */,
				6F619930262D873D00F86349 /* TestHomework11Tests.xctest */,
				6F61993B262D873D00F86349 /* TestHomework11UITests.xctest */,
			);
			name = Products;
			sourceTree = "<group>";
		};
		6F61991C262D873500F86349 /* TestHomework11 */ = {
			isa = PBXGroup;
			children = (
				6F61991D262D873500F86349 /* AppDelegate.swift */,
				6F61991F262D873500F86349 /* SceneDelegate.swift */,
				6F619921262D873500F86349 /* ViewController.swift */,
				6F619950262DA4F200F86349 /* Validator.swift */,
				6F619923262D873500F86349 /* Main.storyboard */,
				6F619926262D873D00F86349 /* Assets.xcassets */,
				6F619928262D873D00F86349 /* LaunchScreen.storyboard */,
				6F61992B262D873D00F86349 /* Info.plist */,
			);
			path = TestHomework11;
			sourceTree = "<group>";
		};
		6F619933262D873D00F86349 /* TestHomework11Tests */ = {
			isa = PBXGroup;
			children = (
				6F619934262D873D00F86349 /* TestHomework11Tests.swift */,
				6F619936262D873D00F86349 /* Info.plist */,
			);
			path = TestHomework11Tests;
			sourceTree = "<group>";
		};
		6F61993E262D873D00F86349 /* TestHomework11UITests */ = {
			isa = PBXGroup;
			children = (
				6F61993F262D873D00F86349 /* TestHomework11UITests.swift */,
				6F619941262D873D00F86349 /* Info.plist */,
			);
			path = TestHomework11UITests;
			sourceTree = "<group>";
		};
/* End PBXGroup section */

/* Begin PBXNativeTarget section */
		6F619919262D873500F86349 /* TestHomework11 */ = {
			isa = PBXNativeTarget;
			buildConfigurationList = 6F619944262D873D00F86349 /* Build configuration list for PBXNativeTarget "TestHomework11" */;
			buildPhases = (
				6F619916262D873500F86349 /* Sources */,
				6F619917262D873500F86349 /* Frameworks */,
				6F619918262D873500F86349 /* Resources */,
			);
			buildRules = (
			);
			dependencies = (
			);
			name = TestHomework11;
			productName = TestHomework11;
			productReference = 6F61991A262D873500F86349 /* TestHomework11.app */;
			productType = "com.apple.product-type.application";
		};
		6F61992F262D873D00F86349 /* TestHomework11Tests */ = {
			isa = PBXNativeTarget;
			buildConfigurationList = 6F619947262D873D00F86349 /* Build configuration list for PBXNativeTarget "TestHomework11Tests" */;
			buildPhases = (
				6F61992C262D873D00F86349 /* Sources */,
				6F61992D262D873D00F86349 /* Frameworks */,
				6F61992E262D873D00F86349 /* Resources */,
			);
			buildRules = (
			);
			dependencies = (
				6F619932262D873D00F86349 /* PBXTargetDependency */,
			);
			name = TestHomework11Tests;
			productName = TestHomework11Tests;
			productReference = 6F619930262D873D00F86349 /* TestHomework11Tests.xctest */;
			productType = "com.apple.product-type.bundle.unit-test";
		};
		6F61993A262D873D00F86349 /* TestHomework11UITests */ = {
			isa = PBXNativeTarget;
			buildConfigurationList = 6F61994A262D873D00F86349 /* Build configuration list for PBXNativeTarget "TestHomework11UITests" */;
			buildPhases = (
				6F619937262D873D00F86349 /* Sources */,
				6F619938262D873D00F86349 /* Frameworks */,
				6F619939262D873D00F86349 /* Resources */,
			);
			buildRules = (
			);
			dependencies = (
				6F61993D262D873D00F86349 /* PBXTargetDependency */,
			);
			name = TestHomework11UITests;
			productName = TestHomework11UITests;
			productReference = 6F61993B262D873D00F86349 /* TestHomework11UITests.xctest */;
			productType = "com.apple.product-type.bundle.ui-testing";
		};
/* End PBXNativeTarget section */

/* Begin PBXProject section */
		6F619912262D873400F86349 /* Project object */ = {
			isa = PBXProject;
			attributes = {
				LastSwiftUpdateCheck = 1240;
				LastUpgradeCheck = 1240;
				TargetAttributes = {
					6F619919262D873500F86349 = {
						CreatedOnToolsVersion = 12.4;
					};
					6F61992F262D873D00F86349 = {
						CreatedOnToolsVersion = 12.4;
						TestTargetID = 6F619919262D873500F86349;
					};
					6F61993A262D873D00F86349 = {
						CreatedOnToolsVersion = 12.4;
						TestTargetID = 6F619919262D873500F86349;
					};
				};
			};
			buildConfigurationList = 6F619915262D873400F86349 /* Build configuration list for PBXProject "TestHomework11" */;
			compatibilityVersion = "Xcode 9.3";
			developmentRegion = en;
			hasScannedForEncodings = 0;
			knownRegions = (
				en,
				Base,
			);
			mainGroup = 6F619911262D873400F86349;
			productRefGroup = 6F61991B262D873500F86349 /* Products */;
			projectDirPath = "";
			projectRoot = "";
			targets = (
				6F619919262D873500F86349 /* TestHomework11 */,
				6F61992F262D873D00F86349 /* TestHomework11Tests */,
				6F61993A262D873D00F86349 /* TestHomework11UITests */,
			);
		};
/* End PBXProject section */

/* Begin PBXResourcesBuildPhase section */
		6F619918262D873500F86349 /* Resources */ = {
			isa = PBXResourcesBuildPhase;
			buildActionMask = 2147483647;
			files = (
				6F61992A262D873D00F86349 /* LaunchScreen.storyboard in Resources */,
				6F619927262D873D00F86349 /* Assets.xcassets in Resources */,
				6F619925262D873500F86349 /* Main.storyboard in Resources */,
			);
			runOnlyForDeploymentPostprocessing = 0;
		};
		6F61992E262D873D00F86349 /* Resources */ = {
			isa = PBXResourcesBuildPhase;
			buildActionMask = 2147483647;
			files = (
			);
			runOnlyForDeploymentPostprocessing = 0;
		};
		6F619939262D873D00F86349 /* Resources */ = {
			isa = PBXResourcesBuildPhase;
			buildActionMask = 2147483647;
			files = (
			);
			runOnlyForDeploymentPostprocessing = 0;
		};
/* End PBXResourcesBuildPhase section */

/* Begin PBXSourcesBuildPhase section */
		6F619916262D873500F86349 /* Sources */ = {
			isa = PBXSourcesBuildPhase;
			buildActionMask = 2147483647;
			files = (
				6F619951262DA4F200F86349 /* Validator.swift in Sources */,
				6F619922262D873500F86349 /* ViewController.swift in Sources */,
				6F61991E262D873500F86349 /* AppDelegate.swift in Sources */,
				6F619920262D873500F86349 /* SceneDelegate.swift in Sources */,
			);
			runOnlyForDeploymentPostprocessing = 0;
		};
		6F61992C262D873D00F86349 /* Sources */ = {
			isa = PBXSourcesBuildPhase;
			buildActionMask = 2147483647;
			files = (
				6F619952262DA4F200F86349 /* Validator.swift in Sources */,
				6F619935262D873D00F86349 /* TestHomework11Tests.swift in Sources */,
			);
			runOnlyForDeploymentPostprocessing = 0;
		};
		6F619937262D873D00F86349 /* Sources */ = {
			isa = PBXSourcesBuildPhase;
			buildActionMask = 2147483647;
			files = (
				6F619940262D873D00F86349 /* TestHomework11UITests.swift in Sources */,
			);
			runOnlyForDeploymentPostprocessing = 0;
		};
/* End PBXSourcesBuildPhase section */

/* Begin PBXTargetDependency section */
		6F619932262D873D00F86349 /* PBXTargetDependency */ = {
			isa = PBXTargetDependency;
			target = 6F619919262D873500F86349 /* TestHomework11 */;
			targetProxy = 6F619931262D873D00F86349 /* PBXContainerItemProxy */;
		};
		6F61993D262D873D00F86349 /* PBXTargetDependency */ = {
			isa = PBXTargetDependency;
			target = 6F619919262D873500F86349 /* TestHomework11 */;
			targetProxy = 6F61993C262D873D00F86349 /* PBXContainerItemProxy */;
		};
/* End PBXTargetDependency section */

/* Begin PBXVariantGroup section */
		6F619923262D873500F86349 /* Main.storyboard */ = {
			isa = PBXVariantGroup;
			children = (
				6F619924262D873500F86349 /* Base */,
			);
			name = Main.storyboard;
			sourceTree = "<group>";
		};
		6F619928262D873D00F86349 /* LaunchScreen.storyboard */ = {
			isa = PBXVariantGroup;
			children = (
				6F619929262D873D00F86349 /* Base */,
			);
			name = LaunchScreen.storyboard;
			sourceTree = "<group>";
		};
/* End PBXVariantGroup section */

/* Begin XCBuildConfiguration section */
		6F619942262D873D00F86349 /* Debug */ = {
			isa = XCBuildConfiguration;
			buildSettings = {
				ALWAYS_SEARCH_USER_PATHS = NO;
				CLANG_ANALYZER_NONNULL = YES;
				CLANG_ANALYZER_NUMBER_OBJECT_CONVERSION = YES_AGGRESSIVE;
				CLANG_CXX_LANGUAGE_STANDARD = "gnu++14";
				CLANG_CXX_LIBRARY = "libc++";
				CLANG_ENABLE_MODULES = YES;
				CLANG_ENABLE_OBJC_ARC = YES;
				CLANG_ENABLE_OBJC_WEAK = YES;
				CLANG_WARN_BLOCK_CAPTURE_AUTORELEASING = YES;
				CLANG_WARN_BOOL_CONVERSION = YES;
				CLANG_WARN_COMMA = YES;
				CLANG_WARN_CONSTANT_CONVERSION = YES;
				CLANG_WARN_DEPRECATED_OBJC_IMPLEMENTATIONS = YES;
				CLANG_WARN_DIRECT_OBJC_ISA_USAGE = YES_ERROR;
				CLANG_WARN_DOCUMENTATION_COMMENTS = YES;
				CLANG_WARN_EMPTY_BODY = YES;
				CLANG_WARN_ENUM_CONVERSION = YES;
				CLANG_WARN_INFINITE_RECURSION = YES;
				CLANG_WARN_INT_CONVERSION = YES;
				CLANG_WARN_NON_LITERAL_NULL_CONVERSION = YES;
				CLANG_WARN_OBJC_IMPLICIT_RETAIN_SELF = YES;
				CLANG_WARN_OBJC_LITERAL_CONVERSION = YES;
				CLANG_WARN_OBJC_ROOT_CLASS = YES_ERROR;
				CLANG_WARN_QUOTED_INCLUDE_IN_FRAMEWORK_HEADER = YES;
				CLANG_WARN_RANGE_LOOP_ANALYSIS = YES;
				CLANG_WARN_STRICT_PROTOTYPES = YES;
				CLANG_WARN_SUSPICIOUS_MOVE = YES;
				CLANG_WARN_UNGUARDED_AVAILABILITY = YES_AGGRESSIVE;
				CLANG_WARN_UNREACHABLE_CODE = YES;
				CLANG_WARN__DUPLICATE_METHOD_MATCH = YES;
				COPY_PHASE_STRIP = NO;
				DEBUG_INFORMATION_FORMAT = dwarf;
				ENABLE_STRICT_OBJC_MSGSEND = YES;
				ENABLE_TESTABILITY = YES;
				GCC_C_LANGUAGE_STANDARD = gnu11;
				GCC_DYNAMIC_NO_PIC = NO;
				GCC_NO_COMMON_BLOCKS = YES;
				GCC_OPTIMIZATION_LEVEL = 0;
				GCC_PREPROCESSOR_DEFINITIONS = (
					"DEBUG=1",
					"$(inherited)",
				);
				GCC_WARN_64_TO_32_BIT_CONVERSION = YES;
				GCC_WARN_ABOUT_RETURN_TYPE = YES_ERROR;
				GCC_WARN_UNDECLARED_SELECTOR = YES;
				GCC_WARN_UNINITIALIZED_AUTOS = YES_AGGRESSIVE;
				GCC_WARN_UNUSED_FUNCTION = YES;
				GCC_WARN_UNUSED_VARIABLE = YES;
				IPHONEOS_DEPLOYMENT_TARGET = 14.4;
				MTL_ENABLE_DEBUG_INFO = INCLUDE_SOURCE;
				MTL_FAST_MATH = YES;
				ONLY_ACTIVE_ARCH = YES;
				SDKROOT = iphoneos;
				SWIFT_ACTIVE_COMPILATION_CONDITIONS = DEBUG;
				SWIFT_OPTIMIZATION_LEVEL = "-Onone";
			};
			name = Debug;
		};
		6F619943262D873D00F86349 /* Release */ = {
			isa = XCBuildConfiguration;
			buildSettings = {
				ALWAYS_SEARCH_USER_PATHS = NO;
				CLANG_ANALYZER_NONNULL = YES;
				CLANG_ANALYZER_NUMBER_OBJECT_CONVERSION = YES_AGGRESSIVE;
				CLANG_CXX_LANGUAGE_STANDARD = "gnu++14";
				CLANG_CXX_LIBRARY = "libc++";
				CLANG_ENABLE_MODULES = YES;
				CLANG_ENABLE_OBJC_ARC = YES;
				CLANG_ENABLE_OBJC_WEAK = YES;
				CLANG_WARN_BLOCK_CAPTURE_AUTORELEASING = YES;
				CLANG_WARN_BOOL_CONVERSION = YES;
				CLANG_WARN_COMMA = YES;
				CLANG_WARN_CONSTANT_CONVERSION = YES;
				CLANG_WARN_DEPRECATED_OBJC_IMPLEMENTATIONS = YES;
				CLANG_WARN_DIRECT_OBJC_ISA_USAGE = YES_ERROR;
				CLANG_WARN_DOCUMENTATION_COMMENTS = YES;
				CLANG_WARN_EMPTY_BODY = YES;
				CLANG_WARN_ENUM_CONVERSION = YES;
				CLANG_WARN_INFINITE_RECURSION = YES;
				CLANG_WARN_INT_CONVERSION = YES;
				CLANG_WARN_NON_LITERAL_NULL_CONVERSION = YES;
				CLANG_WARN_OBJC_IMPLICIT_RETAIN_SELF = YES;
				CLANG_WARN_OBJC_LITERAL_CONVERSION = YES;
				CLANG_WARN_OBJC_ROOT_CLASS = YES_ERROR;
				CLANG_WARN_QUOTED_INCLUDE_IN_FRAMEWORK_HEADER = YES;
				CLANG_WARN_RANGE_LOOP_ANALYSIS = YES;
				CLANG_WARN_STRICT_PROTOTYPES = YES;
				CLANG_WARN_SUSPICIOUS_MOVE = YES;
				CLANG_WARN_UNGUARDED_AVAILABILITY = YES_AGGRESSIVE;
				CLANG_WARN_UNREACHABLE_CODE = YES;
				CLANG_WARN__DUPLICATE_METHOD_MATCH = YES;
				COPY_PHASE_STRIP = NO;
				DEBUG_INFORMATION_FORMAT = "dwarf-with-dsym";
				ENABLE_NS_ASSERTIONS = NO;
				ENABLE_STRICT_OBJC_MSGSEND = YES;
				GCC_C_LANGUAGE_STANDARD = gnu11;
				GCC_NO_COMMON_BLOCKS = YES;
				GCC_WARN_64_TO_32_BIT_CONVERSION = YES;
				GCC_WARN_ABOUT_RETURN_TYPE = YES_ERROR;
				GCC_WARN_UNDECLARED_SELECTOR = YES;
				GCC_WARN_UNINITIALIZED_AUTOS = YES_AGGRESSIVE;
				GCC_WARN_UNUSED_FUNCTION = YES;
				GCC_WARN_UNUSED_VARIABLE = YES;
				IPHONEOS_DEPLOYMENT_TARGET = 14.4;
				MTL_ENABLE_DEBUG_INFO = NO;
				MTL_FAST_MATH = YES;
				SDKROOT = iphoneos;
				SWIFT_COMPILATION_MODE = wholemodule;
				SWIFT_OPTIMIZATION_LEVEL = "-O";
				VALIDATE_PRODUCT = YES;
			};
			name = Release;
		};
		6F619945262D873D00F86349 /* Debug */ = {
			isa = XCBuildConfiguration;
			buildSettings = {
				ASSETCATALOG_COMPILER_APPICON_NAME = AppIcon;
				ASSETCATALOG_COMPILER_GLOBAL_ACCENT_COLOR_NAME = AccentColor;
				CODE_SIGN_STYLE = Automatic;
				DEVELOPMENT_TEAM = Y3J9DR9455;
				INFOPLIST_FILE = TestHomework11/Info.plist;
				LD_RUNPATH_SEARCH_PATHS = (
					"$(inherited)",
					"@executable_path/Frameworks",
				);
				PRODUCT_BUNDLE_IDENTIFIER = Skillbox.TestHomework11;
				PRODUCT_NAME = "$(TARGET_NAME)";
				SWIFT_VERSION = 5.0;
				TARGETED_DEVICE_FAMILY = "1,2";
			};
			name = Debug;
		};
		6F619946262D873D00F86349 /* Release */ = {
			isa = XCBuildConfiguration;
			buildSettings = {
				ASSETCATALOG_COMPILER_APPICON_NAME = AppIcon;
				ASSETCATALOG_COMPILER_GLOBAL_ACCENT_COLOR_NAME = AccentColor;
				CODE_SIGN_STYLE = Automatic;
				DEVELOPMENT_TEAM = Y3J9DR9455;
				INFOPLIST_FILE = TestHomework11/Info.plist;
				LD_RUNPATH_SEARCH_PATHS = (
					"$(inherited)",
					"@executable_path/Frameworks",
				);
				PRODUCT_BUNDLE_IDENTIFIER = Skillbox.TestHomework11;
				PRODUCT_NAME = "$(TARGET_NAME)";
				SWIFT_VERSION = 5.0;
				TARGETED_DEVICE_FAMILY = "1,2";
			};
			name = Release;
		};
		6F619948262D873D00F86349 /* Debug */ = {
			isa = XCBuildConfiguration;
			buildSettings = {
				ALWAYS_EMBED_SWIFT_STANDARD_LIBRARIES = YES;
				BUNDLE_LOADER = "$(TEST_HOST)";
				CODE_SIGN_STYLE = Automatic;
				DEVELOPMENT_TEAM = Y3J9DR9455;
				INFOPLIST_FILE = TestHomework11Tests/Info.plist;
				IPHONEOS_DEPLOYMENT_TARGET = 14.4;
				LD_RUNPATH_SEARCH_PATHS = (
					"$(inherited)",
					"@executable_path/Frameworks",
					"@loader_path/Frameworks",
				);
				PRODUCT_BUNDLE_IDENTIFIER = Skillbox.TestHomework11Tests;
				PRODUCT_NAME = "$(TARGET_NAME)";
				SWIFT_VERSION = 5.0;
				TARGETED_DEVICE_FAMILY = "1,2";
				TEST_HOST = "$(BUILT_PRODUCTS_DIR)/TestHomework11.app/TestHomework11";
			};
			name = Debug;
		};
		6F619949262D873D00F86349 /* Release */ = {
			isa = XCBuildConfiguration;
			buildSettings = {
				ALWAYS_EMBED_SWIFT_STANDARD_LIBRARIES = YES;
				BUNDLE_LOADER = "$(TEST_HOST)";
				CODE_SIGN_STYLE = Automatic;
				DEVELOPMENT_TEAM = Y3J9DR9455;
				INFOPLIST_FILE = TestHomework11Tests/Info.plist;
				IPHONEOS_DEPLOYMENT_TARGET = 14.4;
				LD_RUNPATH_SEARCH_PATHS = (
					"$(inherited)",
					"@executable_path/Frameworks",
					"@loader_path/Frameworks",
				);
				PRODUCT_BUNDLE_IDENTIFIER = Skillbox.TestHomework11Tests;
				PRODUCT_NAME = "$(TARGET_NAME)";
				SWIFT_VERSION = 5.0;
				TARGETED_DEVICE_FAMILY = "1,2";
				TEST_HOST = "$(BUILT_PRODUCTS_DIR)/TestHomework11.app/TestHomework11";
			};
			name = Release;
		};
		6F61994B262D873D00F86349 /* Debug */ = {
			isa = XCBuildConfiguration;
			buildSettings = {
				ALWAYS_EMBED_SWIFT_STANDARD_LIBRARIES = YES;
				CODE_SIGN_STYLE = Automatic;
				DEVELOPMENT_TEAM = Y3J9DR9455;
				INFOPLIST_FILE = TestHomework11UITests/Info.plist;
				LD_RUNPATH_SEARCH_PATHS = (
					"$(inherited)",
					"@executable_path/Frameworks",
					"@loader_path/Frameworks",
				);
				PRODUCT_BUNDLE_IDENTIFIER = Skillbox.TestHomework11UITests;
				PRODUCT_NAME = "$(TARGET_NAME)";
				SWIFT_VERSION = 5.0;
				TARGETED_DEVICE_FAMILY = "1,2";
				TEST_TARGET_NAME = TestHomework11;
			};
			name = Debug;
		};
		6F61994C262D873D00F86349 /* Release */ = {
			isa = XCBuildConfiguration;
			buildSettings = {
				ALWAYS_EMBED_SWIFT_STANDARD_LIBRARIES = YES;
				CODE_SIGN_STYLE = Automatic;
				DEVELOPMENT_TEAM = Y3J9DR9455;
				INFOPLIST_FILE = TestHomework11UITests/Info.plist;
				LD_RUNPATH_SEARCH_PATHS = (
					"$(inherited)",
					"@executable_path/Frameworks",
					"@loader_path/Frameworks",
				);
				PRODUCT_BUNDLE_IDENTIFIER = Skillbox.TestHomework11UITests;
				PRODUCT_NAME = "$(TARGET_NAME)";
				SWIFT_VERSION = 5.0;
				TARGETED_DEVICE_FAMILY = "1,2";
				TEST_TARGET_NAME = TestHomework11;
			};
			name = Release;
		};
/* End XCBuildConfiguration section */

/* Begin XCConfigurationList section */
		6F619915262D873400F86349 /* Build configuration list for PBXProject "TestHomework11" */ = {
			isa = XCConfigurationList;
			buildConfigurations = (
				6F619942262D873D00F86349 /* Debug */,
				6F619943262D873D00F86349 /* Release */,
			);
			defaultConfigurationIsVisible = 0;
			defaultConfigurationName = Release;
		};
		6F619944262D873D00F86349 /* Build configuration list for PBXNativeTarget "TestHomework11" */ = {
			isa = XCConfigurationList;
			buildConfigurations = (
				6F619945262D873D00F86349 /* Debug */,
				6F619946262D873D00F86349 /* Release */,
			);
			defaultConfigurationIsVisible = 0;
			defaultConfigurationName = Release;
		};
		6F619947262D873D00F86349 /* Build configuration list for PBXNativeTarget "TestHomework11Tests" */ = {
			isa = XCConfigurationList;
			buildConfigurations = (
				6F619948262D873D00F86349 /* Debug */,
				6F619949262D873D00F86349 /* Release */,
			);
			defaultConfigurationIsVisible = 0;
			defaultConfigurationName = Release;
		};
		6F61994A262D873D00F86349 /* Build configuration list for PBXNativeTarget "TestHomework11UITests" */ = {
			isa = XCConfigurationList;
			buildConfigurations = (
				6F61994B262D873D00F86349 /* Debug */,
				6F61994C262D873D00F86349 /* Release */,
			);
			defaultConfigurationIsVisible = 0;
			defaultConfigurationName = Release;
		};
/* End XCConfigurationList section */
	};
	rootObject = 6F619912262D873400F86349 /* Project object */;
}
